
Microsoft Visual Studio Solution File, Format Version 12.00
# Visual Studio Version 17
VisualStudioVersion = 17.0.32014.148
MinimumVisualStudioVersion = 10.0.40219.1
Project("{FAE04EC0-301F-11D3-BF4B-00C04F79EFBC}") = "PokemonApi", "PokemonApi\PokemonApi.csproj", "{F1151D01-9E2B-41DC-984F-44CE26CA3F88}"
EndProject
Global
	GlobalSection(SolutionConfigurationPlatforms) = preSolution
		Debug|Any CPU = Debug|Any CPU
		Release|Any CPU = Release|Any CPU
	EndGlobalSection
	GlobalSection(ProjectConfigurationPlatforms) = postSolution
		{F1151D01-9E2B-41DC-984F-44CE26CA3F88}.Debug|Any CPU.ActiveCfg = Debug|Any CPU
		{F1151D01-9E2B-41DC-984F-44CE26CA3F88}.Debug|Any CPU.Build.0 = Debug|Any CPU
		{F1151D01-9E2B-41DC-984F-44CE26CA3F88}.Release|Any CPU.ActiveCfg = Release|Any CPU
		{F1151D01-9E2B-41DC-984F-44CE26CA3F88}.Release|Any CPU.Build.0 = Release|Any CPU
	EndGlobalSection
	GlobalSection(SolutionProperties) = preSolution
		HideSolutionNode = FALSE
	EndGlobalSection
	GlobalSection(ExtensibilityGlobals) = postSolution
		SolutionGuid = {3F0BF4A2-E4C3-4A17-B3DD-D433248EDE12}
	EndGlobalSection
EndGlobal
